
Microsoft Visual Studio Solution File, Format Version 12.00
# Visual Studio Version 17
VisualStudioVersion = 17.13.35931.197 d17.13
MinimumVisualStudioVersion = 10.0.40219.1
Project("{FAE04EC0-301F-11D3-BF4B-00C04F79EFBC}") = "ChemistryApp", "ChemistryApp.csproj", "{06BEBD42-562F-461B-A4C0-BA273F4BFBC9}"
EndProject
Project("{FAE04EC0-301F-11D3-BF4B-00C04F79EFBC}") = "ChemistryApp.Tests", "..\ChemistryApp.Tests\ChemistryApp.Tests.csproj", "{5FA3C3F2-1BD4-47E7-82E2-1F082F7D268E}"
EndProject
Global
	GlobalSection(SolutionConfigurationPlatforms) = preSolution
		Debug|Any CPU = Debug|Any CPU
		Release|Any CPU = Release|Any CPU
	EndGlobalSection
	GlobalSection(ProjectConfigurationPlatforms) = postSolution
		{06BEBD42-562F-461B-A4C0-BA273F4BFBC9}.Debug|Any CPU.ActiveCfg = Release|Any CPU
		{06BEBD42-562F-461B-A4C0-BA273F4BFBC9}.Debug|Any CPU.Build.0 = Release|Any CPU
		{06BEBD42-562F-461B-A4C0-BA273F4BFBC9}.Release|Any CPU.ActiveCfg = Release|Any CPU
		{06BEBD42-562F-461B-A4C0-BA273F4BFBC9}.Release|Any CPU.Build.0 = Release|Any CPU
		{5FA3C3F2-1BD4-47E7-82E2-1F082F7D268E}.Debug|Any CPU.ActiveCfg = Release|Any CPU
		{5FA3C3F2-1BD4-47E7-82E2-1F082F7D268E}.Debug|Any CPU.Build.0 = Release|Any CPU
		{5FA3C3F2-1BD4-47E7-82E2-1F082F7D268E}.Release|Any CPU.ActiveCfg = Release|Any CPU
		{5FA3C3F2-1BD4-47E7-82E2-1F082F7D268E}.Release|Any CPU.Build.0 = Release|Any CPU
	EndGlobalSection
	GlobalSection(SolutionProperties) = preSolution
		HideSolutionNode = FALSE
	EndGlobalSection
	GlobalSection(ExtensibilityGlobals) = postSolution
		SolutionGuid = {CD2A57A9-17FC-4479-BB48-3BB603907F2D}
	EndGlobalSection
EndGlobal
